
Microsoft Visual Studio Solution File, Format Version 12.00
# Visual Studio 14
VisualStudioVersion = 14.0.24720.0
MinimumVisualStudioVersion = 10.0.40219.1
Project("{2150E333-8FDC-42A3-9474-1A3956D46DE8}") = "Src", "Src", "{24691C2F-C10F-42C1-B3F7-BA6D9CD0583A}"
EndProject
Project("{2150E333-8FDC-42A3-9474-1A3956D46DE8}") = "Core", "Core", "{C7E6DD23-8988-4660-84C3-4FC846387233}"
EndProject
Project("{2150E333-8FDC-42A3-9474-1A3956D46DE8}") = "Tests", "Tests", "{3D5A7F98-FCCD-4255-92BF-7952D389B972}"
EndProject
Project("{2150E333-8FDC-42A3-9474-1A3956D46DE8}") = "Shared", "Shared", "{CE5D4FDF-CE0B-414A-A0D7-178521F10B98}"
EndProject
Project("{FAE04EC0-301F-11D3-BF4B-00C04F79EFBC}") = "Core", "Src\Core\Core.csproj", "{161BEF07-3070-4D37-B073-95C82DC43DA9}"
EndProject
Project("{2150E333-8FDC-42A3-9474-1A3956D46DE8}") = "Core.Tests", "Core.Tests", "{9F4E0E52-D3F3-494C-9445-A09CE5AD2A4B}"
EndProject
Project("{FAE04EC0-301F-11D3-BF4B-00C04F79EFBC}") = "Core.Tests", "Tests\Core.Tests\Core.Tests.csproj", "{3390E469-51E4-44BC-A30D-3DF5325A06C5}"
EndProject
Project("{FAE04EC0-301F-11D3-BF4B-00C04F79EFBC}") = "Shared", "Shared\Shared.csproj", "{2631E065-131F-4869-932B-5EDD543A1753}"
EndProject
Global
	GlobalSection(SolutionConfigurationPlatforms) = preSolution
		Debug|Any CPU = Debug|Any CPU
		Release|Any CPU = Release|Any CPU
	EndGlobalSection
	GlobalSection(ProjectConfigurationPlatforms) = postSolution
		{161BEF07-3070-4D37-B073-95C82DC43DA9}.Debug|Any CPU.ActiveCfg = Debug|Any CPU
		{161BEF07-3070-4D37-B073-95C82DC43DA9}.Debug|Any CPU.Build.0 = Debug|Any CPU
		{161BEF07-3070-4D37-B073-95C82DC43DA9}.Release|Any CPU.ActiveCfg = Release|Any CPU
		{161BEF07-3070-4D37-B073-95C82DC43DA9}.Release|Any CPU.Build.0 = Release|Any CPU
		{3390E469-51E4-44BC-A30D-3DF5325A06C5}.Debug|Any CPU.ActiveCfg = Debug|Any CPU
		{3390E469-51E4-44BC-A30D-3DF5325A06C5}.Debug|Any CPU.Build.0 = Debug|Any CPU
		{3390E469-51E4-44BC-A30D-3DF5325A06C5}.Release|Any CPU.ActiveCfg = Release|Any CPU
		{3390E469-51E4-44BC-A30D-3DF5325A06C5}.Release|Any CPU.Build.0 = Release|Any CPU
		{2631E065-131F-4869-932B-5EDD543A1753}.Debug|Any CPU.ActiveCfg = Debug|Any CPU
		{2631E065-131F-4869-932B-5EDD543A1753}.Debug|Any CPU.Build.0 = Debug|Any CPU
		{2631E065-131F-4869-932B-5EDD543A1753}.Release|Any CPU.ActiveCfg = Release|Any CPU
		{2631E065-131F-4869-932B-5EDD543A1753}.Release|Any CPU.Build.0 = Release|Any CPU
	EndGlobalSection
	GlobalSection(SolutionProperties) = preSolution
		HideSolutionNode = FALSE
	EndGlobalSection
	GlobalSection(NestedProjects) = preSolution
		{C7E6DD23-8988-4660-84C3-4FC846387233} = {24691C2F-C10F-42C1-B3F7-BA6D9CD0583A}
		{CE5D4FDF-CE0B-414A-A0D7-178521F10B98} = {24691C2F-C10F-42C1-B3F7-BA6D9CD0583A}
		{161BEF07-3070-4D37-B073-95C82DC43DA9} = {C7E6DD23-8988-4660-84C3-4FC846387233}
		{9F4E0E52-D3F3-494C-9445-A09CE5AD2A4B} = {3D5A7F98-FCCD-4255-92BF-7952D389B972}
		{3390E469-51E4-44BC-A30D-3DF5325A06C5} = {9F4E0E52-D3F3-494C-9445-A09CE5AD2A4B}
		{2631E065-131F-4869-932B-5EDD543A1753} = {CE5D4FDF-CE0B-414A-A0D7-178521F10B98}
	EndGlobalSection
EndGlobal
